
Microsoft Visual Studio Solution File, Format Version 12.00
# Visual Studio Version 17
VisualStudioVersion = 17.5.33502.453
MinimumVisualStudioVersion = 10.0.40219.1
Project("{8BC9CEB8-8B4A-11D0-8D11-00A0C91BC942}") = "Auto_pilot_object", "Auto_pilot_object\Auto_pilot_object.vcxproj", "{3E9B9FEC-FEB7-483D-9207-993B3B1EFF0B}"
EndProject
Global
	GlobalSection(SolutionConfigurationPlatforms) = preSolution
		Debug|x64 = Debug|x64
		Debug|x86 = Debug|x86
		Release|x64 = Release|x64
		Release|x86 = Release|x86
	EndGlobalSection
	GlobalSection(ProjectConfigurationPlatforms) = postSolution
		{3E9B9FEC-FEB7-483D-9207-993B3B1EFF0B}.Debug|x64.ActiveCfg = Debug|x64
		{3E9B9FEC-FEB7-483D-9207-993B3B1EFF0B}.Debug|x64.Build.0 = Debug|x64
		{3E9B9FEC-FEB7-483D-9207-993B3B1EFF0B}.Debug|x86.ActiveCfg = Debug|Win32
		{3E9B9FEC-FEB7-483D-9207-993B3B1EFF0B}.Debug|x86.Build.0 = Debug|Win32
		{3E9B9FEC-FEB7-483D-9207-993B3B1EFF0B}.Release|x64.ActiveCfg = Release|x64
		{3E9B9FEC-FEB7-483D-9207-993B3B1EFF0B}.Release|x64.Build.0 = Release|x64
		{3E9B9FEC-FEB7-483D-9207-993B3B1EFF0B}.Release|x86.ActiveCfg = Release|Win32
		{3E9B9FEC-FEB7-483D-9207-993B3B1EFF0B}.Release|x86.Build.0 = Release|Win32
	EndGlobalSection
	GlobalSection(SolutionProperties) = preSolution
		HideSolutionNode = FALSE
	EndGlobalSection
	GlobalSection(ExtensibilityGlobals) = postSolution
		SolutionGuid = {EEFC0397-8E7C-4149-B474-1FD420CD4441}
	EndGlobalSection
EndGlobal
